
Microsoft Visual Studio Solution File, Format Version 12.00
# Visual Studio Version 17
VisualStudioVersion = 17.3.32505.426
MinimumVisualStudioVersion = 10.0.40219.1
Project("{9A19103F-16F7-4668-BE54-9A1E7A4F7556}") = "WebApplication1", "WebApplication1\WebApplication1.csproj", "{6425489A-C103-4B3B-96BF-8C63AC15236C}"
EndProject
Project("{2150E333-8FDC-42A3-9474-1A3956D46DE8}") = "4-Repo.Impls", "4-Repo.Impls", "{2B8C3D5F-A11A-40EA-B678-FF9C20D1320C}"
EndProject
Project("{9A19103F-16F7-4668-BE54-9A1E7A4F7556}") = "Repo.MongoDb", "Repo.Impls\Repo.MongoDb\Repo.MongoDb.csproj", "{86A7AC92-3182-42F1-85CD-0092E4675344}"
EndProject
Project("{9A19103F-16F7-4668-BE54-9A1E7A4F7556}") = "Repo.SQL", "Repo.Impls\Repo.SQL\Repo.SQL.csproj", "{3304531F-EB03-45BD-AB29-D11E4CEFB47D}"
EndProject
Project("{9A19103F-16F7-4668-BE54-9A1E7A4F7556}") = "1-Repo.Framework", "Repo.Framework\1-Repo.Framework.csproj", "{678DC533-C107-42C3-8C1F-6BB1015AEED8}"
EndProject
Project("{9A19103F-16F7-4668-BE54-9A1E7A4F7556}") = "2-DomainEntities", "2-DomainEntities\2-DomainEntities.csproj", "{AE20995D-0A18-4E96-9A64-B0A585E2DA7D}"
EndProject
Project("{9A19103F-16F7-4668-BE54-9A1E7A4F7556}") = "3-UnitOfWork", "4-UnitOfWork\3-UnitOfWork.csproj", "{A30D015D-9DFB-4CB4-B555-3E6AE40BCD0B}"
EndProject
Project("{2150E333-8FDC-42A3-9474-1A3956D46DE8}") = "1-core", "1-core", "{2AF96762-DB40-431F-B822-1FFD9B334507}"
EndProject
Project("{2150E333-8FDC-42A3-9474-1A3956D46DE8}") = "2-app", "2-app", "{4337A1BC-5FCF-458E-A2F8-EAC4143622B8}"
EndProject
Project("{9A19103F-16F7-4668-BE54-9A1E7A4F7556}") = "Repo.Elastic", "Repo.Impls\Repo.Elastic\Repo.Elastic.csproj", "{CF9CAA49-1A00-4E5B-8408-2214F9956F13}"
EndProject
Global
	GlobalSection(SolutionConfigurationPlatforms) = preSolution
		Debug|Any CPU = Debug|Any CPU
		Release|Any CPU = Release|Any CPU
	EndGlobalSection
	GlobalSection(ProjectConfigurationPlatforms) = postSolution
		{6425489A-C103-4B3B-96BF-8C63AC15236C}.Debug|Any CPU.ActiveCfg = Debug|Any CPU
		{6425489A-C103-4B3B-96BF-8C63AC15236C}.Debug|Any CPU.Build.0 = Debug|Any CPU
		{6425489A-C103-4B3B-96BF-8C63AC15236C}.Release|Any CPU.ActiveCfg = Release|Any CPU
		{6425489A-C103-4B3B-96BF-8C63AC15236C}.Release|Any CPU.Build.0 = Release|Any CPU
		{86A7AC92-3182-42F1-85CD-0092E4675344}.Debug|Any CPU.ActiveCfg = Debug|Any CPU
		{86A7AC92-3182-42F1-85CD-0092E4675344}.Debug|Any CPU.Build.0 = Debug|Any CPU
		{86A7AC92-3182-42F1-85CD-0092E4675344}.Release|Any CPU.ActiveCfg = Release|Any CPU
		{86A7AC92-3182-42F1-85CD-0092E4675344}.Release|Any CPU.Build.0 = Release|Any CPU
		{3304531F-EB03-45BD-AB29-D11E4CEFB47D}.Debug|Any CPU.ActiveCfg = Debug|Any CPU
		{3304531F-EB03-45BD-AB29-D11E4CEFB47D}.Debug|Any CPU.Build.0 = Debug|Any CPU
		{3304531F-EB03-45BD-AB29-D11E4CEFB47D}.Release|Any CPU.ActiveCfg = Release|Any CPU
		{3304531F-EB03-45BD-AB29-D11E4CEFB47D}.Release|Any CPU.Build.0 = Release|Any CPU
		{678DC533-C107-42C3-8C1F-6BB1015AEED8}.Debug|Any CPU.ActiveCfg = Debug|Any CPU
		{678DC533-C107-42C3-8C1F-6BB1015AEED8}.Debug|Any CPU.Build.0 = Debug|Any CPU
		{678DC533-C107-42C3-8C1F-6BB1015AEED8}.Release|Any CPU.ActiveCfg = Release|Any CPU
		{678DC533-C107-42C3-8C1F-6BB1015AEED8}.Release|Any CPU.Build.0 = Release|Any CPU
		{AE20995D-0A18-4E96-9A64-B0A585E2DA7D}.Debug|Any CPU.ActiveCfg = Debug|Any CPU
		{AE20995D-0A18-4E96-9A64-B0A585E2DA7D}.Debug|Any CPU.Build.0 = Debug|Any CPU
		{AE20995D-0A18-4E96-9A64-B0A585E2DA7D}.Release|Any CPU.ActiveCfg = Release|Any CPU
		{AE20995D-0A18-4E96-9A64-B0A585E2DA7D}.Release|Any CPU.Build.0 = Release|Any CPU
		{A30D015D-9DFB-4CB4-B555-3E6AE40BCD0B}.Debug|Any CPU.ActiveCfg = Debug|Any CPU
		{A30D015D-9DFB-4CB4-B555-3E6AE40BCD0B}.Debug|Any CPU.Build.0 = Debug|Any CPU
		{A30D015D-9DFB-4CB4-B555-3E6AE40BCD0B}.Release|Any CPU.ActiveCfg = Release|Any CPU
		{A30D015D-9DFB-4CB4-B555-3E6AE40BCD0B}.Release|Any CPU.Build.0 = Release|Any CPU
		{CF9CAA49-1A00-4E5B-8408-2214F9956F13}.Debug|Any CPU.ActiveCfg = Debug|Any CPU
		{CF9CAA49-1A00-4E5B-8408-2214F9956F13}.Debug|Any CPU.Build.0 = Debug|Any CPU
		{CF9CAA49-1A00-4E5B-8408-2214F9956F13}.Release|Any CPU.ActiveCfg = Release|Any CPU
		{CF9CAA49-1A00-4E5B-8408-2214F9956F13}.Release|Any CPU.Build.0 = Release|Any CPU
	EndGlobalSection
	GlobalSection(SolutionProperties) = preSolution
		HideSolutionNode = FALSE
	EndGlobalSection
	GlobalSection(NestedProjects) = preSolution
		{6425489A-C103-4B3B-96BF-8C63AC15236C} = {4337A1BC-5FCF-458E-A2F8-EAC4143622B8}
		{2B8C3D5F-A11A-40EA-B678-FF9C20D1320C} = {4337A1BC-5FCF-458E-A2F8-EAC4143622B8}
		{86A7AC92-3182-42F1-85CD-0092E4675344} = {2B8C3D5F-A11A-40EA-B678-FF9C20D1320C}
		{3304531F-EB03-45BD-AB29-D11E4CEFB47D} = {2B8C3D5F-A11A-40EA-B678-FF9C20D1320C}
		{678DC533-C107-42C3-8C1F-6BB1015AEED8} = {2AF96762-DB40-431F-B822-1FFD9B334507}
		{AE20995D-0A18-4E96-9A64-B0A585E2DA7D} = {4337A1BC-5FCF-458E-A2F8-EAC4143622B8}
		{A30D015D-9DFB-4CB4-B555-3E6AE40BCD0B} = {4337A1BC-5FCF-458E-A2F8-EAC4143622B8}
		{CF9CAA49-1A00-4E5B-8408-2214F9956F13} = {2B8C3D5F-A11A-40EA-B678-FF9C20D1320C}
	EndGlobalSection
	GlobalSection(ExtensibilityGlobals) = postSolution
		SolutionGuid = {19CF2D26-C777-4B26-A753-32A291BC9777}
	EndGlobalSection
EndGlobal
